
Microsoft Visual Studio Solution File, Format Version 12.00
# Visual Studio Version 17
VisualStudioVersion = 17.4.33122.133
MinimumVisualStudioVersion = 10.0.40219.1
Project("{FAE04EC0-301F-11D3-BF4B-00C04F79EFBC}") = "heimdall_web_api", "heimdall_web_api\heimdall_web_api.csproj", "{40D2B03A-9B33-44FF-B733-F2191BEB0DFE}"
EndProject
Global
	GlobalSection(SolutionConfigurationPlatforms) = preSolution
		Debug|Any CPU = Debug|Any CPU
		Release|Any CPU = Release|Any CPU
	EndGlobalSection
	GlobalSection(ProjectConfigurationPlatforms) = postSolution
		{40D2B03A-9B33-44FF-B733-F2191BEB0DFE}.Debug|Any CPU.ActiveCfg = Debug|Any CPU
		{40D2B03A-9B33-44FF-B733-F2191BEB0DFE}.Debug|Any CPU.Build.0 = Debug|Any CPU
		{40D2B03A-9B33-44FF-B733-F2191BEB0DFE}.Release|Any CPU.ActiveCfg = Release|Any CPU
		{40D2B03A-9B33-44FF-B733-F2191BEB0DFE}.Release|Any CPU.Build.0 = Release|Any CPU
	EndGlobalSection
	GlobalSection(SolutionProperties) = preSolution
		HideSolutionNode = FALSE
	EndGlobalSection
	GlobalSection(ExtensibilityGlobals) = postSolution
		SolutionGuid = {7281AC0A-63D9-4055-95D8-318463714EFE}
	EndGlobalSection
EndGlobal
